
Microsoft Visual Studio Solution File, Format Version 12.00
# Visual Studio Version 17
VisualStudioVersion = 17.8.34330.188
MinimumVisualStudioVersion = 10.0.40219.1
Project("{FAE04EC0-301F-11D3-BF4B-00C04F79EFBC}") = "EP1", "EP1.csproj", "{50F5C62B-E606-4854-A5FD-11E2561EAC3A}"
EndProject
Global
	GlobalSection(SolutionConfigurationPlatforms) = preSolution
		Debug|Any CPU = Debug|Any CPU
		Release|Any CPU = Release|Any CPU
	EndGlobalSection
	GlobalSection(ProjectConfigurationPlatforms) = postSolution
		{50F5C62B-E606-4854-A5FD-11E2561EAC3A}.Debug|Any CPU.ActiveCfg = Debug|Any CPU
		{50F5C62B-E606-4854-A5FD-11E2561EAC3A}.Debug|Any CPU.Build.0 = Debug|Any CPU
		{50F5C62B-E606-4854-A5FD-11E2561EAC3A}.Release|Any CPU.ActiveCfg = Release|Any CPU
		{50F5C62B-E606-4854-A5FD-11E2561EAC3A}.Release|Any CPU.Build.0 = Release|Any CPU
	EndGlobalSection
	GlobalSection(SolutionProperties) = preSolution
		HideSolutionNode = FALSE
	EndGlobalSection
	GlobalSection(ExtensibilityGlobals) = postSolution
		SolutionGuid = {FDF99F2B-780D-450F-8F2B-5A038212141F}
	EndGlobalSection
EndGlobal
